
Microsoft Visual Studio Solution File, Format Version 12.00
# Visual Studio Version 16
VisualStudioVersion = 16.0.30114.105
MinimumVisualStudioVersion = 10.0.40219.1
Project("{FAE04EC0-301F-11D3-BF4B-00C04F79EFBC}") = "SecureFileUpload", "SecureFileUpload\SecureFileUpload.csproj", "{64115C26-84BE-4570-B379-C86ABDF0032A}"
EndProject
Project("{9A19103F-16F7-4668-BE54-9A1E7A4F7556}") = "FileGenerator", "FileGenerator\FileGenerator.csproj", "{950BF91A-2012-4FE1-9516-A6290853E908}"
EndProject
Project("{9A19103F-16F7-4668-BE54-9A1E7A4F7556}") = "SecureFileUploadService", "SecureFileUploadService\SecureFileUploadService.csproj", "{8FF51564-5546-4FA6-AB43-EA3E66EEC15A}"
EndProject
Project("{151D2E53-A2C4-4D7D-83FE-D05416EBD58E}") = "Environment", "Environment\Environment.deployproj", "{9B4B575B-C127-4E03-84B3-61861331978E}"
EndProject
Global
	GlobalSection(SolutionConfigurationPlatforms) = preSolution
		Debug|Any CPU = Debug|Any CPU
		Release|Any CPU = Release|Any CPU
	EndGlobalSection
	GlobalSection(ProjectConfigurationPlatforms) = postSolution
		{64115C26-84BE-4570-B379-C86ABDF0032A}.Debug|Any CPU.ActiveCfg = Debug|Any CPU
		{64115C26-84BE-4570-B379-C86ABDF0032A}.Debug|Any CPU.Build.0 = Debug|Any CPU
		{64115C26-84BE-4570-B379-C86ABDF0032A}.Release|Any CPU.ActiveCfg = Release|Any CPU
		{64115C26-84BE-4570-B379-C86ABDF0032A}.Release|Any CPU.Build.0 = Release|Any CPU
		{950BF91A-2012-4FE1-9516-A6290853E908}.Debug|Any CPU.ActiveCfg = Debug|Any CPU
		{950BF91A-2012-4FE1-9516-A6290853E908}.Debug|Any CPU.Build.0 = Debug|Any CPU
		{950BF91A-2012-4FE1-9516-A6290853E908}.Release|Any CPU.ActiveCfg = Release|Any CPU
		{950BF91A-2012-4FE1-9516-A6290853E908}.Release|Any CPU.Build.0 = Release|Any CPU
		{8FF51564-5546-4FA6-AB43-EA3E66EEC15A}.Debug|Any CPU.ActiveCfg = Debug|Any CPU
		{8FF51564-5546-4FA6-AB43-EA3E66EEC15A}.Debug|Any CPU.Build.0 = Debug|Any CPU
		{8FF51564-5546-4FA6-AB43-EA3E66EEC15A}.Release|Any CPU.ActiveCfg = Release|Any CPU
		{8FF51564-5546-4FA6-AB43-EA3E66EEC15A}.Release|Any CPU.Build.0 = Release|Any CPU
		{9B4B575B-C127-4E03-84B3-61861331978E}.Debug|Any CPU.ActiveCfg = Debug|Any CPU
		{9B4B575B-C127-4E03-84B3-61861331978E}.Debug|Any CPU.Build.0 = Debug|Any CPU
		{9B4B575B-C127-4E03-84B3-61861331978E}.Release|Any CPU.ActiveCfg = Release|Any CPU
		{9B4B575B-C127-4E03-84B3-61861331978E}.Release|Any CPU.Build.0 = Release|Any CPU
	EndGlobalSection
	GlobalSection(SolutionProperties) = preSolution
		HideSolutionNode = FALSE
	EndGlobalSection
	GlobalSection(ExtensibilityGlobals) = postSolution
		SolutionGuid = {83B58DCE-E645-4785-B723-1E420A262DDE}
	EndGlobalSection
EndGlobal
